dependencies:
- name: kashti
  repository: https://azure.github.io/brigade-charts
  version: 0.1.1
- name: brigade-github-app
  repository: https://azure.github.io/brigade-charts
  version: 0.1.2
digest: sha256:0a14b39bcccf75b11fbc6b9f279b0d6702b4fd8e2cd149efe8e0105518e50658
generated: 2019-02-07T19:56:40.235316-07:00
